
Microsoft Visual Studio Solution File, Format Version 12.00
# Visual Studio Version 17
VisualStudioVersion = 17.8.34330.188
MinimumVisualStudioVersion = 10.0.40219.1
Project("{FAE04EC0-301F-11D3-BF4B-00C04F79EFBC}") = "EFMbiblio", "EFMbiblio.csproj", "{D976C9EB-8F15-432B-A91C-65F60BF6E222}"
EndProject
Global
	GlobalSection(SolutionConfigurationPlatforms) = preSolution
		Debug|Any CPU = Debug|Any CPU
		Release|Any CPU = Release|Any CPU
	EndGlobalSection
	GlobalSection(ProjectConfigurationPlatforms) = postSolution
		{D976C9EB-8F15-432B-A91C-65F60BF6E222}.Debug|Any CPU.ActiveCfg = Debug|Any CPU
		{D976C9EB-8F15-432B-A91C-65F60BF6E222}.Debug|Any CPU.Build.0 = Debug|Any CPU
		{D976C9EB-8F15-432B-A91C-65F60BF6E222}.Release|Any CPU.ActiveCfg = Release|Any CPU
		{D976C9EB-8F15-432B-A91C-65F60BF6E222}.Release|Any CPU.Build.0 = Release|Any CPU
	EndGlobalSection
	GlobalSection(SolutionProperties) = preSolution
		HideSolutionNode = FALSE
	EndGlobalSection
	GlobalSection(ExtensibilityGlobals) = postSolution
		SolutionGuid = {8BB57F91-EF34-4911-8661-A236B3820178}
	EndGlobalSection
EndGlobal
